<?xml version="1.0" encoding="utf-8"?>
<Project ToolsVersion="4.0" xmlns="http://schemas.microsoft.com/developer/msbuild/2003">
  <ItemGroup>
    <Filter Include="源文件">
      <UniqueIdentifier>{4FC737F1-C7A5-4376-A066-2A32D752A2FF}</UniqueIdentifier>
      <Extensions>cpp;c;cc;cxx;c++;cppm;ixx;def;odl;idl;hpj;bat;asm;asmx</Extensions>
    </Filter>
    <Filter Include="头文件">
      <UniqueIdentifier>{93995380-89BD-4b04-88EB-625FBE52EBFB}</UniqueIdentifier>
      <Extensions>h;hh;hpp;hxx;h++;hm;inl;inc;ipp;xsd</Extensions>
    </Filter>
    <Filter Include="资源文件">
      <UniqueIdentifier>{67DA6AB6-F800-4c08-8B7A-83BB121AAD01}</UniqueIdentifier>
      <Extensions>rc;ico;cur;bmp;dlg;rc2;rct;bin;rgs;gif;jpg;jpeg;jpe;resx;tiff;tif;png;wav;mfcribbon-ms</Extensions>
    </Filter>
  </ItemGroup>
  <ItemGroup>
    <ClCompile Include="..\..\Annotation.cpp">
      <Filter>源文件</Filter>
    </ClCompile>
    <ClCompile Include="..\..\CompoundType.cpp">
      <Filter>源文件</Filter>
    </ClCompile>
    <ClCompile Include="..\..\ConstantExpression.cpp">
      <Filter>源文件</Filter>
    </ClCompile>
    <ClCompile Include="..\..\DeathRecipientType.cpp">
      <Filter>源文件</Filter>
    </ClCompile>
    <ClCompile Include="..\..\DocComment.cpp">
      <Filter>源文件</Filter>
    </ClCompile>
    <ClCompile Include="..\..\EnumType.cpp">
      <Filter>源文件</Filter>
    </ClCompile>
    <ClCompile Include="..\..\FmqType.cpp">
      <Filter>源文件</Filter>
    </ClCompile>
    <ClCompile Include="..\..\HandleType.cpp">
      <Filter>源文件</Filter>
    </ClCompile>
    <ClCompile Include="..\..\HidlTypeAssertion.cpp">
      <Filter>源文件</Filter>
    </ClCompile>
    <ClCompile Include="..\..\Interface.cpp">
      <Filter>源文件</Filter>
    </ClCompile>
    <ClCompile Include="..\..\Location.cpp">
      <Filter>源文件</Filter>
    </ClCompile>
    <ClCompile Include="..\..\MemoryType.cpp">
      <Filter>源文件</Filter>
    </ClCompile>
    <ClCompile Include="..\..\Method.cpp">
      <Filter>源文件</Filter>
    </ClCompile>
    <ClCompile Include="..\..\NamedType.cpp">
      <Filter>源文件</Filter>
    </ClCompile>
    <ClCompile Include="..\..\PointerType.cpp">
      <Filter>源文件</Filter>
    </ClCompile>
    <ClCompile Include="..\..\ScalarType.cpp">
      <Filter>源文件</Filter>
    </ClCompile>
    <ClCompile Include="..\..\Scope.cpp">
      <Filter>源文件</Filter>
    </ClCompile>
    <ClCompile Include="..\..\StringType.cpp">
      <Filter>源文件</Filter>
    </ClCompile>
    <ClCompile Include="..\..\Type.cpp">
      <Filter>源文件</Filter>
    </ClCompile>
    <ClCompile Include="..\..\TypeDef.cpp">
      <Filter>源文件</Filter>
    </ClCompile>
    <ClCompile Include="..\..\VectorType.cpp">
      <Filter>源文件</Filter>
    </ClCompile>
    <ClCompile Include="..\..\ArrayType.cpp">
      <Filter>源文件</Filter>
    </ClCompile>
  </ItemGroup>
  <ItemGroup>
    <ClInclude Include="..\..\Annotation.h">
      <Filter>头文件</Filter>
    </ClInclude>
    <ClInclude Include="..\..\CompoundType.h">
      <Filter>头文件</Filter>
    </ClInclude>
    <ClInclude Include="..\..\ConstantExpression.h">
      <Filter>头文件</Filter>
    </ClInclude>
    <ClInclude Include="..\..\DeathRecipientType.h">
      <Filter>头文件</Filter>
    </ClInclude>
    <ClInclude Include="..\..\DocComment.h">
      <Filter>头文件</Filter>
    </ClInclude>
    <ClInclude Include="..\..\FmqType.h">
      <Filter>头文件</Filter>
    </ClInclude>
    <ClInclude Include="..\..\HandleType.h">
      <Filter>头文件</Filter>
    </ClInclude>
    <ClInclude Include="..\..\HidlTypeAssertion.h">
      <Filter>头文件</Filter>
    </ClInclude>
    <ClInclude Include="..\..\Interface.h">
      <Filter>头文件</Filter>
    </ClInclude>
    <ClInclude Include="..\..\Location.h">
      <Filter>头文件</Filter>
    </ClInclude>
    <ClInclude Include="..\..\MemoryType.h">
      <Filter>头文件</Filter>
    </ClInclude>
    <ClInclude Include="..\..\Method.h">
      <Filter>头文件</Filter>
    </ClInclude>
    <ClInclude Include="..\..\NamedType.h">
      <Filter>头文件</Filter>
    </ClInclude>
    <ClInclude Include="..\..\PointerType.h">
      <Filter>头文件</Filter>
    </ClInclude>
    <ClInclude Include="..\..\ScalarType.h">
      <Filter>头文件</Filter>
    </ClInclude>
    <ClInclude Include="..\..\Scope.h">
      <Filter>头文件</Filter>
    </ClInclude>
    <ClInclude Include="..\..\StringType.h">
      <Filter>头文件</Filter>
    </ClInclude>
    <ClInclude Include="..\..\Type.h">
      <Filter>头文件</Filter>
    </ClInclude>
    <ClInclude Include="..\..\TypeDef.h">
      <Filter>头文件</Filter>
    </ClInclude>
    <ClInclude Include="..\..\VectorType.h">
      <Filter>头文件</Filter>
    </ClInclude>
    <ClInclude Include="..\..\ArrayType.h">
      <Filter>头文件</Filter>
    </ClInclude>
  </ItemGroup>
</Project>